
Microsoft Visual Studio Solution File, Format Version 12.00
# Visual Studio Version 16
VisualStudioVersion = 16.0.30621.155
MinimumVisualStudioVersion = 10.0.40219.1
Project("{9A19103F-16F7-4668-BE54-9A1E7A4F7556}") = "Codewars", "Codewars.csproj", "{FDE84D7A-E702-4AC2-A7D7-A3FB9C3F57F1}"
EndProject
Project("{FAE04EC0-301F-11D3-BF4B-00C04F79EFBC}") = "HighestAndLowest", "..\HighestAndLowest\HighestAndLowest.csproj", "{856067FA-4FD4-4386-ADCF-18CA701BA45C}"
EndProject
Project("{FAE04EC0-301F-11D3-BF4B-00C04F79EFBC}") = "Sum", "..\Sum\Sum.csproj", "{A815B0BC-8BBC-4F0C-B577-52CBC1CC9B21}"
EndProject
Global
	GlobalSection(SolutionConfigurationPlatforms) = preSolution
		Debug|Any CPU = Debug|Any CPU
		Release|Any CPU = Release|Any CPU
	EndGlobalSection
	GlobalSection(ProjectConfigurationPlatforms) = postSolution
		{FDE84D7A-E702-4AC2-A7D7-A3FB9C3F57F1}.Debug|Any CPU.ActiveCfg = Debug|Any CPU
		{FDE84D7A-E702-4AC2-A7D7-A3FB9C3F57F1}.Debug|Any CPU.Build.0 = Debug|Any CPU
		{FDE84D7A-E702-4AC2-A7D7-A3FB9C3F57F1}.Release|Any CPU.ActiveCfg = Release|Any CPU
		{FDE84D7A-E702-4AC2-A7D7-A3FB9C3F57F1}.Release|Any CPU.Build.0 = Release|Any CPU
		{856067FA-4FD4-4386-ADCF-18CA701BA45C}.Debug|Any CPU.ActiveCfg = Debug|Any CPU
		{856067FA-4FD4-4386-ADCF-18CA701BA45C}.Debug|Any CPU.Build.0 = Debug|Any CPU
		{856067FA-4FD4-4386-ADCF-18CA701BA45C}.Release|Any CPU.ActiveCfg = Release|Any CPU
		{856067FA-4FD4-4386-ADCF-18CA701BA45C}.Release|Any CPU.Build.0 = Release|Any CPU
		{A815B0BC-8BBC-4F0C-B577-52CBC1CC9B21}.Debug|Any CPU.ActiveCfg = Debug|Any CPU
		{A815B0BC-8BBC-4F0C-B577-52CBC1CC9B21}.Debug|Any CPU.Build.0 = Debug|Any CPU
		{A815B0BC-8BBC-4F0C-B577-52CBC1CC9B21}.Release|Any CPU.ActiveCfg = Release|Any CPU
		{A815B0BC-8BBC-4F0C-B577-52CBC1CC9B21}.Release|Any CPU.Build.0 = Release|Any CPU
	EndGlobalSection
	GlobalSection(SolutionProperties) = preSolution
		HideSolutionNode = FALSE
	EndGlobalSection
	GlobalSection(ExtensibilityGlobals) = postSolution
		SolutionGuid = {458373BF-B822-4995-B8A7-88A30DF767E2}
	EndGlobalSection
EndGlobal
